// !$*UTF8*$!
{
	archiveVersion = 1;
	classes = {
	};
	objectVersion = 46;
	objects = {

/* Begin PBXBuildFile section */
		1FBD2D871B3AD90E0096C779 /* main.m in Sources */ = {isa = PBXBuildFile; fileRef = 1FBD2D861B3AD90E0096C779 /* main.m */; };
		1FBD2D8A1B3AD90E0096C779 /* AppDelegate.m in Sources */ = {isa = PBXBuildFile; fileRef = 1FBD2D891B3AD90E0096C779 /* AppDelegate.m */; };
		1FBD2D8D1B3AD90E0096C779 /* ViewController.m in Sources */ = {isa = PBXBuildFile; fileRef = 1FBD2D8C1B3AD90E0096C779 /* ViewController.m */; };
		1FBD2D901B3AD90E0096C779 /* Main.storyboard in Resources */ = {isa = PBXBuildFile; fileRef = 1FBD2D8E1B3AD90E0096C779 /* Main.storyboard */; };
		1FBD2D921B3AD90E0096C779 /* Images.xcassets in Resources */ = {isa = PBXBuildFile; fileRef = 1FBD2D911B3AD90E0096C779 /* Images.xcassets */; };
		1FBD2D951B3AD90E0096C779 /* LaunchScreen.xib in Resources */ = {isa = PBXBuildFile; fileRef = 1FBD2D931B3AD90E0096C779 /* LaunchScreen.xib */; };
		1FBD2DA11B3AD90E0096C779 /* ImplementMethodTests.m in Sources */ = {isa = PBXBuildFile; fileRef = 1FBD2DA01B3AD90E0096C779 /* ImplementMethodTests.m */; };
/* End PBXBuildFile section */

/* Begin PBXContainerItemProxy section */
		1FBD2D9B1B3AD90E0096C779 /* PBXContainerItemProxy */ = {
			isa = PBXContainerItemProxy;
			containerPortal = 1FBD2D791B3AD90E0096C779 /* Project object */;
			proxyType = 1;
			remoteGlobalIDString = 1FBD2D801B3AD90E0096C779;
			remoteInfo = ImplementMethod;
		};
/* End PBXContainerItemProxy section */

/* Begin PBXFileReference section */
		1FBD2D811B3AD90E0096C779 /* ImplementMethod.app */ = {isa = PBXFileReference; explicitFileType = wrapper.application; includeInIndex = 0; path = ImplementMethod.app; sourceTree = BUILT_PRODUCTS_DIR; };
		1FBD2D851B3AD90E0096C779 /* Info.plist */ = {isa = PBXFileReference; lastKnownFileType = text.plist.xml; path = Info.plist; sourceTree = "<group>"; };
		1FBD2D861B3AD90E0096C779 /* main.m */ = {isa = PBXFileReference; lastKnownFileType = sourcecode.c.objc; path = main.m; sourceTree = "<group>"; };
		1FBD2D881B3AD90E0096C779 /* AppDelegate.h */ = {isa = PBXFileReference; lastKnownFileType = sourcecode.c.h; path = AppDelegate.h; sourceTree = "<group>"; };
		1FBD2D891B3AD90E0096C779 /* AppDelegate.m */ = {isa = PBXFileReference; lastKnownFileType = sourcecode.c.objc; path = AppDelegate.m; sourceTree = "<group>"; };
		1FBD2D8B1B3AD90E0096C779 /* ViewController.h */ = {isa = PBXFileReference; lastKnownFileType = sourcecode.c.h; path = ViewController.h; sourceTree = "<group>"; };
		1FBD2D8C1B3AD90E0096C779 /* ViewController.m */ = {isa = PBXFileReference; lastKnownFileType = sourcecode.c.objc; path = ViewController.m; sourceTree = "<group>"; };
		1FBD2D8F1B3AD90E0096C779 /* Base */ = {isa = PBXFileReference; lastKnownFileType = file.storyboard; name = Base; path = Base.lproj/Main.storyboard; sourceTree = "<group>"; };
		1FBD2D911B3AD90E0096C779 /* Images.xcassets */ = {isa = PBXFileReference; lastKnownFileType = folder.assetcatalog; path = Images.xcassets; sourceTree = "<group>"; };
		1FBD2D941B3AD90E0096C779 /* Base */ = {isa = PBXFileReference; lastKnownFileType = file.xib; name = Base; path = Base.lproj/LaunchScreen.xib; sourceTree = "<group>"; };
		1FBD2D9A1B3AD90E0096C779 /* ImplementMethodTests.xctest */ = {isa = PBXFileReference; explicitFileType = wrapper.cfbundle; includeInIndex = 0; path = ImplementMethodTests.xctest; sourceTree = BUILT_PRODUCTS_DIR; };
		1FBD2D9F1B3AD90E0096C779 /* Info.plist */ = {isa = PBXFileReference; lastKnownFileType = text.plist.xml; path = Info.plist; sourceTree = "<group>"; };
		1FBD2DA01B3AD90E0096C779 /* ImplementMethodTests.m */ = {isa = PBXFileReference; lastKnownFileType = sourcecode.c.objc; path = ImplementMethodTests.m; sourceTree = "<group>"; };
/* End PBXFileReference section */

/* Begin PBXFrameworksBuildPhase section */
		1FBD2D7E1B3AD90E0096C779 /* Frameworks */ = {
			isa = PBXFrameworksBuildPhase;
			buildActionMask = 2147483647;
			files = (
			);
			runOnlyForDeploymentPostprocessing = 0;
		};
		1FBD2D971B3AD90E0096C779 /* Frameworks */ = {
			isa = PBXFrameworksBuildPhase;
			buildActionMask = 2147483647;
			files = (
			);
			runOnlyForDeploymentPostprocessing = 0;
		};
/* End PBXFrameworksBuildPhase section */

/* Begin PBXGroup section */
		1FBD2D781B3AD90E0096C779 = {
			isa = PBXGroup;
			children = (
				1FBD2D831B3AD90E0096C779 /* ImplementMethod */,
				1FBD2D9D1B3AD90E0096C779 /* ImplementMethodTests */,
				1FBD2D821B3AD90E0096C779 /* Products */,
			);
			sourceTree = "<group>";
		};
		1FBD2D821B3AD90E0096C779 /* Products */ = {
			isa = PBXGroup;
			children = (
				1FBD2D811B3AD90E0096C779 /* ImplementMethod.app */,
				1FBD2D9A1B3AD90E0096C779 /* ImplementMethodTests.xctest */,
			);
			name = Products;
			sourceTree = "<group>";
		};
		1FBD2D831B3AD90E0096C779 /* ImplementMethod */ = {
			isa = PBXGroup;
			children = (
				1FBD2D881B3AD90E0096C779 /* AppDelegate.h */,
				1FBD2D891B3AD90E0096C779 /* AppDelegate.m */,
				1FBD2D8B1B3AD90E0096C779 /* ViewController.h */,
				1FBD2D8C1B3AD90E0096C779 /* ViewController.m */,
				1FBD2D8E1B3AD90E0096C779 /* Main.storyboard */,
				1FBD2D911B3AD90E0096C779 /* Images.xcassets */,
				1FBD2D931B3AD90E0096C779 /* LaunchScreen.xib */,
				1FBD2D841B3AD90E0096C779 /* Supporting Files */,
			);
			path = ImplementMethod;
			sourceTree = "<group>";
		};
		1FBD2D841B3AD90E0096C779 /* Supporting Files */ = {
			isa = PBXGroup;
			children = (
				1FBD2D851B3AD90E0096C779 /* Info.plist */,
				1FBD2D861B3AD90E0096C779 /* main.m */,
			);
			name = "Supporting Files";
			sourceTree = "<group>";
		};
		1FBD2D9D1B3AD90E0096C779 /* ImplementMethodTests */ = {
			isa = PBXGroup;
			children = (
				1FBD2DA01B3AD90E0096C779 /* ImplementMethodTests.m */,
				1FBD2D9E1B3AD90E0096C779 /* Supporting Files */,
			);
			path = ImplementMethodTests;
			sourceTree = "<group>";
		};
		1FBD2D9E1B3AD90E0096C779 /* Supporting Files */ = {
			isa = PBXGroup;
			children = (
				1FBD2D9F1B3AD90E0096C779 /* Info.plist */,
			);
			name = "Supporting Files";
			sourceTree = "<group>";
		};
/* End PBXGroup section */

/* Begin PBXNativeTarget section */
		1FBD2D801B3AD90E0096C779 /* ImplementMethod */ = {
			isa = PBXNativeTarget;
			buildConfigurationList = 1FBD2DA41B3AD90E0096C779 /* Build configuration list for PBXNativeTarget "ImplementMethod" */;
			buildPhases = (
				1FBD2D7D1B3AD90E0096C779 /* Sources */,
				1FBD2D7E1B3AD90E0096C779 /* Frameworks */,
				1FBD2D7F1B3AD90E0096C779 /* Resources */,
			);
			buildRules = (
			);
			dependencies = (
			);
			name = ImplementMethod;
			productName = ImplementMethod;
			productReference = 1FBD2D811B3AD90E0096C779 /* ImplementMethod.app */;
			productType = "com.apple.product-type.application";
		};
		1FBD2D991B3AD90E0096C779 /* ImplementMethodTests */ = {
			isa = PBXNativeTarget;
			buildConfigurationList = 1FBD2DA71B3AD90E0096C779 /* Build configuration list for PBXNativeTarget "ImplementMethodTests" */;
			buildPhases = (
				1FBD2D961B3AD90E0096C779 /* Sources */,
				1FBD2D971B3AD90E0096C779 /* Frameworks */,
				1FBD2D981B3AD90E0096C779 /* Resources */,
			);
			buildRules = (
			);
			dependencies = (
				1FBD2D9C1B3AD90E0096C779 /* PBXTargetDependency */,
			);
			name = ImplementMethodTests;
			productName = ImplementMethodTests;
			productReference = 1FBD2D9A1B3AD90E0096C779 /* ImplementMethodTests.xctest */;
			productType = "com.apple.product-type.bundle.unit-test";
		};
/* End PBXNativeTarget section */

/* Begin PBXProject section */
		1FBD2D791B3AD90E0096C779 /* Project object */ = {
			isa = PBXProject;
			attributes = {
				LastUpgradeCheck = 0630;
				ORGANIZATIONNAME = my.org;
				TargetAttributes = {
					1FBD2D801B3AD90E0096C779 = {
						CreatedOnToolsVersion = 6.3.2;
					};
					1FBD2D991B3AD90E0096C779 = {
						CreatedOnToolsVersion = 6.3.2;
						TestTargetID = 1FBD2D801B3AD90E0096C779;
					};
				};
			};
			buildConfigurationList = 1FBD2D7C1B3AD90E0096C779 /* Build configuration list for PBXProject "ImplementMethod" */;
			compatibilityVersion = "Xcode 3.2";
			developmentRegion = English;
			hasScannedForEncodings = 0;
			knownRegions = (
				en,
				Base,
			);
			mainGroup = 1FBD2D781B3AD90E0096C779;
			productRefGroup = 1FBD2D821B3AD90E0096C779 /* Products */;
			projectDirPath = "";
			projectRoot = "";
			targets = (
				1FBD2D801B3AD90E0096C779 /* ImplementMethod */,
				1FBD2D991B3AD90E0096C779 /* ImplementMethodTests */,
			);
		};
/* End PBXProject section */

/* Begin PBXResourcesBuildPhase section */
		1FBD2D7F1B3AD90E0096C779 /* Resources */ = {
			isa = PBXResourcesBuildPhase;
			buildActionMask = 2147483647;
			files = (
				1FBD2D901B3AD90E0096C779 /* Main.storyboard in Resources */,
				1FBD2D951B3AD90E0096C779 /* LaunchScreen.xib in Resources */,
				1FBD2D921B3AD90E0096C779 /* Images.xcassets in Resources */,
			);
			runOnlyForDeploymentPostprocessing = 0;
		};
		1FBD2D981B3AD90E0096C779 /* Resources */ = {
			isa = PBXResourcesBuildPhase;
			buildActionMask = 2147483647;
			files = (
			);
			runOnlyForDeploymentPostprocessing = 0;
		};
/* End PBXResourcesBuildPhase section */

/* Begin PBXSourcesBuildPhase section */
		1FBD2D7D1B3AD90E0096C779 /* Sources */ = {
			isa = PBXSourcesBuildPhase;
			buildActionMask = 2147483647;
			files = (
				1FBD2D8D1B3AD90E0096C779 /* ViewController.m in Sources */,
				1FBD2D8A1B3AD90E0096C779 /* AppDelegate.m in Sources */,
				1FBD2D871B3AD90E0096C779 /* main.m in Sources */,
			);
			runOnlyForDeploymentPostprocessing = 0;
		};
		1FBD2D961B3AD90E0096C779 /* Sources */ = {
			isa = PBXSourcesBuildPhase;
			buildActionMask = 2147483647;
			files = (
				1FBD2DA11B3AD90E0096C779 /* ImplementMethodTests.m in Sources */,
			);
			runOnlyForDeploymentPostprocessing = 0;
		};
/* End PBXSourcesBuildPhase section */

/* Begin PBXTargetDependency section */
		1FBD2D9C1B3AD90E0096C779 /* PBXTargetDependency */ = {
			isa = PBXTargetDependency;
			target = 1FBD2D801B3AD90E0096C779 /* ImplementMethod */;
			targetProxy = 1FBD2D9B1B3AD90E0096C779 /* PBXContainerItemProxy */;
		};
/* End PBXTargetDependency section */

/* Begin PBXVariantGroup section */
		1FBD2D8E1B3AD90E0096C779 /* Main.storyboard */ = {
			isa = PBXVariantGroup;
			children = (
				1FBD2D8F1B3AD90E0096C779 /* Base */,
			);
			name = Main.storyboard;
			sourceTree = "<group>";
		};
		1FBD2D931B3AD90E0096C779 /* LaunchScreen.xib */ = {
			isa = PBXVariantGroup;
			children = (
				1FBD2D941B3AD90E0096C779 /* Base */,
			);
			name = LaunchScreen.xib;
			sourceTree = "<group>";
		};
/* End PBXVariantGroup section */

/* Begin XCBuildConfiguration section */
		1FBD2DA21B3AD90E0096C779 /* Debug */ = {
			isa = XCBuildConfiguration;
			buildSettings = {
				ALWAYS_SEARCH_USER_PATHS = NO;
				CLANG_CXX_LANGUAGE_STANDARD = "gnu++0x";
				CLANG_CXX_LIBRARY = "libc++";
				CLANG_ENABLE_MODULES = YES;
				CLANG_ENABLE_OBJC_ARC = YES;
				CLANG_WARN_BOOL_CONVERSION = YES;
				CLANG_WARN_CONSTANT_CONVERSION = YES;
				CLANG_WARN_DIRECT_OBJC_ISA_USAGE = YES_ERROR;
				CLANG_WARN_EMPTY_BODY = YES;
				CLANG_WARN_ENUM_CONVERSION = YES;
				CLANG_WARN_INT_CONVERSION = YES;
				CLANG_WARN_OBJC_ROOT_CLASS = YES_ERROR;
				CLANG_WARN_UNREACHABLE_CODE = YES;
				CLANG_WARN__DUPLICATE_METHOD_MATCH = YES;
				"CODE_SIGN_IDENTITY[sdk=iphoneos*]" = "iPhone Developer";
				COPY_PHASE_STRIP = NO;
				DEBUG_INFORMATION_FORMAT = "dwarf-with-dsym";
				ENABLE_STRICT_OBJC_MSGSEND = YES;
				GCC_C_LANGUAGE_STANDARD = gnu99;
				GCC_DYNAMIC_NO_PIC = NO;
				GCC_NO_COMMON_BLOCKS = YES;
				GCC_OPTIMIZATION_LEVEL = 0;
				GCC_PREPROCESSOR_DEFINITIONS = (
					"DEBUG=1",
					"$(inherited)",
				);
				GCC_SYMBOLS_PRIVATE_EXTERN = NO;
				GCC_WARN_64_TO_32_BIT_CONVERSION = YES;
				GCC_WARN_ABOUT_RETURN_TYPE = YES_ERROR;
				GCC_WARN_UNDECLARED_SELECTOR = YES;
				GCC_WARN_UNINITIALIZED_AUTOS = YES_AGGRESSIVE;
				GCC_WARN_UNUSED_FUNCTION = YES;
				GCC_WARN_UNUSED_VARIABLE = YES;
				IPHONEOS_DEPLOYMENT_TARGET = 8.3;
				MTL_ENABLE_DEBUG_INFO = YES;
				ONLY_ACTIVE_ARCH = YES;
				SDKROOT = iphoneos;
				TARGETED_DEVICE_FAMILY = "1,2";
			};
			name = Debug;
		};
		1FBD2DA31B3AD90E0096C779 /* Release */ = {
			isa = XCBuildConfiguration;
			buildSettings = {
				ALWAYS_SEARCH_USER_PATHS = NO;
				CLANG_CXX_LANGUAGE_STANDARD = "gnu++0x";
				CLANG_CXX_LIBRARY = "libc++";
				CLANG_ENABLE_MODULES = YES;
				CLANG_ENABLE_OBJC_ARC = YES;
				CLANG_WARN_BOOL_CONVERSION = YES;
				CLANG_WARN_CONSTANT_CONVERSION = YES;
				CLANG_WARN_DIRECT_OBJC_ISA_USAGE = YES_ERROR;
				CLANG_WARN_EMPTY_BODY = YES;
				CLANG_WARN_ENUM_CONVERSION = YES;
				CLANG_WARN_INT_CONVERSION = YES;
				CLANG_WARN_OBJC_ROOT_CLASS = YES_ERROR;
				CLANG_WARN_UNREACHABLE_CODE = YES;
				CLANG_WARN__DUPLICATE_METHOD_MATCH = YES;
				"CODE_SIGN_IDENTITY[sdk=iphoneos*]" = "iPhone Developer";
				COPY_PHASE_STRIP = NO;
				DEBUG_INFORMATION_FORMAT = "dwarf-with-dsym";
				ENABLE_NS_ASSERTIONS = NO;
				ENABLE_STRICT_OBJC_MSGSEND = YES;
				GCC_C_LANGUAGE_STANDARD = gnu99;
				GCC_NO_COMMON_BLOCKS = YES;
				GCC_WARN_64_TO_32_BIT_CONVERSION = YES;
				GCC_WARN_ABOUT_RETURN_TYPE = YES_ERROR;
				GCC_WARN_UNDECLARED_SELECTOR = YES;
				GCC_WARN_UNINITIALIZED_AUTOS = YES_AGGRESSIVE;
				GCC_WARN_UNUSED_FUNCTION = YES;
				GCC_WARN_UNUSED_VARIABLE = YES;
				IPHONEOS_DEPLOYMENT_TARGET = 8.3;
				MTL_ENABLE_DEBUG_INFO = NO;
				SDKROOT = iphoneos;
				TARGETED_DEVICE_FAMILY = "1,2";
				VALIDATE_PRODUCT = YES;
			};
			name = Release;
		};
		1FBD2DA51B3AD90E0096C779 /* Debug */ = {
			isa = XCBuildConfiguration;
			buildSettings = {
				ASSETCATALOG_COMPILER_APPICON_NAME = AppIcon;
				INFOPLIST_FILE = ImplementMethod/Info.plist;
				LD_RUNPATH_SEARCH_PATHS = "$(inherited) @executable_path/Frameworks";
				PRODUCT_NAME = "$(TARGET_NAME)";
			};
			name = Debug;
		};
		1FBD2DA61B3AD90E0096C779 /* Release */ = {
			isa = XCBuildConfiguration;
			buildSettings = {
				ASSETCATALOG_COMPILER_APPICON_NAME = AppIcon;
				INFOPLIST_FILE = ImplementMethod/Info.plist;
				LD_RUNPATH_SEARCH_PATHS = "$(inherited) @executable_path/Frameworks";
				PRODUCT_NAME = "$(TARGET_NAME)";
			};
			name = Release;
		};
		1FBD2DA81B3AD90E0096C779 /* Debug */ = {
			isa = XCBuildConfiguration;
			buildSettings = {
				BUNDLE_LOADER = "$(TEST_HOST)";
				FRAMEWORK_SEARCH_PATHS = (
					"$(SDKROOT)/Developer/Library/Frameworks",
					"$(inherited)",
				);
				GCC_PREPROCESSOR_DEFINITIONS = (
					"DEBUG=1",
					"$(inherited)",
				);
				INFOPLIST_FILE = ImplementMethodTests/Info.plist;
				LD_RUNPATH_SEARCH_PATHS = "$(inherited) @executable_path/Frameworks @loader_path/Frameworks";
				PRODUCT_NAME = "$(TARGET_NAME)";
				TEST_HOST = "$(BUILT_PRODUCTS_DIR)/ImplementMethod.app/ImplementMethod";
			};
			name = Debug;
		};
		1FBD2DA91B3AD90E0096C779 /* Release */ = {
			isa = XCBuildConfiguration;
			buildSettings = {
				BUNDLE_LOADER = "$(TEST_HOST)";
				FRAMEWORK_SEARCH_PATHS = (
					"$(SDKROOT)/Developer/Library/Frameworks",
					"$(inherited)",
				);
				INFOPLIST_FILE = ImplementMethodTests/Info.plist;
				LD_RUNPATH_SEARCH_PATHS = "$(inherited) @executable_path/Frameworks @loader_path/Frameworks";
				PRODUCT_NAME = "$(TARGET_NAME)";
				TEST_HOST = "$(BUILT_PRODUCTS_DIR)/ImplementMethod.app/ImplementMethod";
			};
			name = Release;
		};
/* End XCBuildConfiguration section */

/* Begin XCConfigurationList section */
		1FBD2D7C1B3AD90E0096C779 /* Build configuration list for PBXProject "ImplementMethod" */ = {
			isa = XCConfigurationList;
			buildConfigurations = (
				1FBD2DA21B3AD90E0096C779 /* Debug */,
				1FBD2DA31B3AD90E0096C779 /* Release */,
			);
			defaultConfigurationIsVisible = 0;
			defaultConfigurationName = Release;
		};
		1FBD2DA41B3AD90E0096C779 /* Build configuration list for PBXNativeTarget "ImplementMethod" */ = {
			isa = XCConfigurationList;
			buildConfigurations = (
				1FBD2DA51B3AD90E0096C779 /* Debug */,
				1FBD2DA61B3AD90E0096C779 /* Release */,
			);
			defaultConfigurationIsVisible = 0;
		};
		1FBD2DA71B3AD90E0096C779 /* Build configuration list for PBXNativeTarget "ImplementMethodTests" */ = {
			isa = XCConfigurationList;
			buildConfigurations = (
				1FBD2DA81B3AD90E0096C779 /* Debug */,
				1FBD2DA91B3AD90E0096C779 /* Release */,
			);
			defaultConfigurationIsVisible = 0;
		};
/* End XCConfigurationList section */
	};
	rootObject = 1FBD2D791B3AD90E0096C779 /* Project object */;
}
